{
  "pins" : [
    {
      "identity" : "floatinglabeltextfieldstyle",
      "kind" : "remoteSourceControl",
      "location" : "https://github.com/reddavis/FloatingLabelTextFieldStyle",
      "state" : {
        "revision" : "6b3581e030fb0b62a455f3e61198baeb4b283a29",
        "version" : "0.9.0"
      }
    }
  ],
  "version" : 2
}
